{
  "name": "meta-language",
  "version": "0.58.2",
  "lockfileVersion": 3,
  "requires": true,
  "packages": {
    "": {
      "name": "meta-language",
      "version": "0.58.2",
      "license": "Unlicense",
      "dependencies": {
        "@kreuzberg/tree-sitter-language-pack": "1.10.9",
        "links-notation": "0.13.0",
        "peggy": "5.1.0",
        "tree-sitter": "0.25.1",
        "web-tree-sitter": "0.25.10"
      },
      "engines": {
        "node": ">=20"
      }
    },
    "node_modules/@kreuzberg/tree-sitter-language-pack": {
      "version": "1.10.9",
      "resolved": "https://registry.npmjs.org/@kreuzberg/tree-sitter-language-pack/-/tree-sitter-language-pack-1.10.9.tgz",
      "integrity": "sha512-sarsHH8pselagUmP76z02m1U6mh2yL8DQeYBNDhsdxnmJQJYXLr+F07dp46SboB1TGYGcLtsN8f5cLVT5lerRg==",
      "license": "MIT",
      "engines": {
        "node": ">= 18"
      },
      "optionalDependencies": {
        "@kreuzberg/tree-sitter-language-pack-darwin-arm64": "1.10.9",
        "@kreuzberg/tree-sitter-language-pack-darwin-x64": "1.10.9",
        "@kreuzberg/tree-sitter-language-pack-linux-arm64-gnu": "1.10.9",
        "@kreuzberg/tree-sitter-language-pack-linux-arm64-musl": "1.10.9",
        "@kreuzberg/tree-sitter-language-pack-linux-x64-gnu": "1.10.9",
        "@kreuzberg/tree-sitter-language-pack-linux-x64-musl": "1.10.9",
        "@kreuzberg/tree-sitter-language-pack-win32-arm64-msvc": "1.10.9",
        "@kreuzberg/tree-sitter-language-pack-win32-x64-msvc": "1.10.9"
      }
    },
    "node_modules/@kreuzberg/tree-sitter-language-pack-darwin-arm64": {
      "version": "1.10.9",
      "resolved": "https://registry.npmjs.org/@kreuzberg/tree-sitter-language-pack-darwin-arm64/-/tree-sitter-language-pack-darwin-arm64-1.10.9.tgz",
      "integrity": "sha512-vP06by4VUt8a/GYnsoVP6yRJUDSRSAbbTfoRrtwHJtu4Ta5Q1I87FQfV+gytueFeYVZWRfBNb9J+C/ndaX0stw==",
      "cpu": [
        "arm64"
      ],
      "license": "MIT",
      "optional": true,
      "os": [
        "darwin"
      ],
      "engines": {
        "node": ">= 18"
      }
    },
    "node_modules/@kreuzberg/tree-sitter-language-pack-darwin-x64": {
      "version": "1.10.9",
      "resolved": "https://registry.npmjs.org/@kreuzberg/tree-sitter-language-pack-darwin-x64/-/tree-sitter-language-pack-darwin-x64-1.10.9.tgz",
      "integrity": "sha512-r6++ztG2hp1jzWy/DaRHcSQyX8dENtna0oen8KunYJHGv85FWTL17SESHGaoPRMmV1vNhvQBvJunWpsti0fpRw==",
      "cpu": [
        "x64"
      ],
      "license": "MIT",
      "optional": true,
      "os": [
        "darwin"
      ],
      "engines": {
        "node": ">= 18"
      }
    },
    "node_modules/@kreuzberg/tree-sitter-language-pack-linux-arm64-gnu": {
      "version": "1.10.9",
      "resolved": "https://registry.npmjs.org/@kreuzberg/tree-sitter-language-pack-linux-arm64-gnu/-/tree-sitter-language-pack-linux-arm64-gnu-1.10.9.tgz",
      "integrity": "sha512-XNTL3+MpgDA518/swzDfbXEjyEmuiJuYVULuMy7vZna5yw7oSz4y0z+Nih065YJHSjHJSlniK/Dd/KzYc03LDQ==",
      "cpu": [
        "arm64"
      ],
      "libc": [
        "glibc"
      ],
      "license": "MIT",
      "optional": true,
      "os": [
        "linux"
      ],
      "engines": {
        "node": ">= 18"
      }
    },
    "node_modules/@kreuzberg/tree-sitter-language-pack-linux-x64-gnu": {
      "version": "1.10.9",
      "resolved": "https://registry.npmjs.org/@kreuzberg/tree-sitter-language-pack-linux-x64-gnu/-/tree-sitter-language-pack-linux-x64-gnu-1.10.9.tgz",
      "integrity": "sha512-az+qas7AK9OfreGPuScJoW08qSiOlKwjyNWIQA73PWTNF8j2J03epjvA/uqODJdP1rjDbmoEgbcimXe0cQTYsg==",
      "cpu": [
        "x64"
      ],
      "libc": [
        "glibc"
      ],
      "license": "MIT",
      "optional": true,
      "os": [
        "linux"
      ],
      "engines": {
        "node": ">= 18"
      }
    },
    "node_modules/@kreuzberg/tree-sitter-language-pack-win32-arm64-msvc": {
      "version": "1.10.9",
      "resolved": "https://registry.npmjs.org/@kreuzberg/tree-sitter-language-pack-win32-arm64-msvc/-/tree-sitter-language-pack-win32-arm64-msvc-1.10.9.tgz",
      "integrity": "sha512-GlGoqbgeoexs15sv69lSCbrGe0k8xwRyCO6dMIoeH1Q2mTWYCwH7LjfJyD1aw92Q/5rdFOhhWJyzQ423VNPq6Q==",
      "cpu": [
        "arm64"
      ],
      "license": "MIT",
      "optional": true,
      "os": [
        "win32"
      ],
      "engines": {
        "node": ">= 18"
      }
    },
    "node_modules/@kreuzberg/tree-sitter-language-pack-win32-x64-msvc": {
      "version": "1.10.9",
      "resolved": "https://registry.npmjs.org/@kreuzberg/tree-sitter-language-pack-win32-x64-msvc/-/tree-sitter-language-pack-win32-x64-msvc-1.10.9.tgz",
      "integrity": "sha512-4FH8lkQt+IL7Aw0yYKyy0MZ2KditCrkAbrs3fj7g34L2TS1Gnl/ctV9217sRSZ1h++OCGpzEaNXCA71SC50gzw==",
      "cpu": [
        "x64"
      ],
      "license": "MIT",
      "optional": true,
      "os": [
        "win32"
      ],
      "engines": {
        "node": ">= 18"
      }
    },
    "node_modules/@peggyjs/from-mem": {
      "version": "3.1.3",
      "resolved": "https://registry.npmjs.org/@peggyjs/from-mem/-/from-mem-3.1.3.tgz",
      "integrity": "sha512-LLlgtfXIaeYXoOYovOI0spLM8ZXaqkAlmcRRrLzHJzLMqkU6Sw0R4KMoCoHx1PjaP815pSCBlS+BN6aD8t1Jgg==",
      "license": "MIT",
      "dependencies": {
        "semver": "7.7.4"
      },
      "engines": {
        "node": ">=20.8"
      }
    },
    "node_modules/commander": {
      "version": "14.0.3",
      "resolved": "https://registry.npmjs.org/commander/-/commander-14.0.3.tgz",
      "integrity": "sha512-H+y0Jo/T1RZ9qPP4Eh1pkcQcLRglraJaSLoyOtHxu6AapkjWVCy2Sit1QQ4x3Dng8qDlSsZEet7g5Pq06MvTgw==",
      "license": "MIT",
      "engines": {
        "node": ">=20"
      }
    },
    "node_modules/links-notation": {
      "version": "0.13.0",
      "resolved": "https://registry.npmjs.org/links-notation/-/links-notation-0.13.0.tgz",
      "integrity": "sha512-52FoUAVOhjfC23bdvrxv6b4Eosp02WeM3qTN9Rsb3ouPof5YVQ5fOMlRPMJmKMmdseVzEnewNLFq3lADRpWTFg==",
      "license": "Unlicense"
    },
    "node_modules/node-addon-api": {
      "version": "8.9.2",
      "resolved": "https://registry.npmjs.org/node-addon-api/-/node-addon-api-8.9.2.tgz",
      "integrity": "sha512-VijLXbi3UACN69I0JVXJsX4tjACjNoQDgv2gTF6sx2wWEi8tkSg2eX8p5gSIFi8z2+DL3oHmY6OyKce38SDolg==",
      "license": "MIT",
      "engines": {
        "node": "^18 || ^20 || >= 21"
      }
    },
    "node_modules/node-gyp-build": {
      "version": "4.8.4",
      "resolved": "https://registry.npmjs.org/node-gyp-build/-/node-gyp-build-4.8.4.tgz",
      "integrity": "sha512-LA4ZjwlnUblHVgq0oBF3Jl/6h/Nvs5fzBLwdEF4nuxnFdsfajde4WfxtJr3CaiH+F6ewcIB/q4jQ4UzPyid+CQ==",
      "license": "MIT",
      "bin": {
        "node-gyp-build": "bin.js",
        "node-gyp-build-optional": "optional.js",
        "node-gyp-build-test": "build-test.js"
      }
    },
    "node_modules/peggy": {
      "version": "5.1.0",
      "resolved": "https://registry.npmjs.org/peggy/-/peggy-5.1.0.tgz",
      "integrity": "sha512-IEo5aYRZ2kXH4Qby06cjtL114PZnwLoTiA41vUmg2vPZgANn+c87m5BUurhuDr5/cu758ZlpgsAfBVx+hhO5+w==",
      "license": "MIT",
      "dependencies": {
        "@peggyjs/from-mem": "3.1.3",
        "commander": "^14.0.3",
        "source-map-generator": "2.0.6"
      },
      "bin": {
        "peggy": "bin/peggy.js"
      },
      "engines": {
        "node": ">=20"
      }
    },
    "node_modules/semver": {
      "version": "7.7.4",
      "resolved": "https://registry.npmjs.org/semver/-/semver-7.7.4.tgz",
      "integrity": "sha512-vFKC2IEtQnVhpT78h1Yp8wzwrf8CM+MzKMHGJZfBtzhZNycRFnXsHk6E5TxIkkMsgNS7mdX3AGB7x2QM2di4lA==",
      "license": "ISC",
      "bin": {
        "semver": "bin/semver.js"
      },
      "engines": {
        "node": ">=10"
      }
    },
    "node_modules/source-map-generator": {
      "version": "2.0.6",
      "resolved": "https://registry.npmjs.org/source-map-generator/-/source-map-generator-2.0.6.tgz",
      "integrity": "sha512-IlassDs1Ve8nV6uyQZXF9kdkJpVKnMte2JZQXu13M0A5zwc+vu6+LNHfmxsHBMDtoZE21RHiKI0/xvpecZRCNg==",
      "license": "BSD-3-Clause",
      "engines": {
        "node": ">=20"
      }
    },
    "node_modules/tree-sitter": {
      "version": "0.25.1",
      "resolved": "https://registry.npmjs.org/tree-sitter/-/tree-sitter-0.25.1.tgz",
      "integrity": "sha512-mrcEdkYtHfrK1A6fs3O6FxkBo0Qig5XUXqHhxUOQu0bmPo00QF4XaSx4edpazdHwxnSCjlGKGgIqWdaN4dvTLA==",
      "hasInstallScript": true,
      "license": "MIT",
      "dependencies": {
        "node-addon-api": "^8.5.0",
        "node-gyp-build": "^4.8.4"
      }
    },
    "node_modules/web-tree-sitter": {
      "version": "0.25.10",
      "resolved": "https://registry.npmjs.org/web-tree-sitter/-/web-tree-sitter-0.25.10.tgz",
      "integrity": "sha512-Y09sF44/13XvgVKgO2cNDw5rGk6s26MgoZPXLESvMXeefBf7i6/73eFurre0IsTW6E14Y0ArIzhUMmjoc7xyzA==",
      "license": "MIT",
      "peerDependencies": {
        "@types/emscripten": "^1.40.0"
      },
      "peerDependenciesMeta": {
        "@types/emscripten": {
          "optional": true
        }
      }
    }
  }
}
